
Microsoft Visual Studio Solution File, Format Version 12.00
# Visual Studio Version 17
VisualStudioVersion = 17.4.33122.133
MinimumVisualStudioVersion = 10.0.40219.1
Project("{FAE04EC0-301F-11D3-BF4B-00C04F79EFBC}") = "Sistema", "Sistema\Sistema.csproj", "{8149B8F1-2108-475E-BC5B-4E70277C3CF2}"
EndProject
Global
	GlobalSection(SolutionConfigurationPlatforms) = preSolution
		Debug|Any CPU = Debug|Any CPU
		Release|Any CPU = Release|Any CPU
	EndGlobalSection
	GlobalSection(ProjectConfigurationPlatforms) = postSolution
		{8149B8F1-2108-475E-BC5B-4E70277C3CF2}.Debug|Any CPU.ActiveCfg = Debug|Any CPU
		{8149B8F1-2108-475E-BC5B-4E70277C3CF2}.Debug|Any CPU.Build.0 = Debug|Any CPU
		{8149B8F1-2108-475E-BC5B-4E70277C3CF2}.Release|Any CPU.ActiveCfg = Release|Any CPU
		{8149B8F1-2108-475E-BC5B-4E70277C3CF2}.Release|Any CPU.Build.0 = Release|Any CPU
	EndGlobalSection
	GlobalSection(SolutionProperties) = preSolution
		HideSolutionNode = FALSE
	EndGlobalSection
	GlobalSection(ExtensibilityGlobals) = postSolution
		SolutionGuid = {E6232F51-DBE9-424B-8363-F777BCE9C94F}
	EndGlobalSection
EndGlobal
